
Microsoft Visual Studio Solution File, Format Version 12.00
# Visual Studio Version 16
VisualStudioVersion = 16.0.30114.105
MinimumVisualStudioVersion = 10.0.40219.1
Project("{FAE04EC0-301F-11D3-BF4B-00C04F79EFBC}") = "ProSwap.Data", "ProSwap.Data\ProSwap.Data.csproj", "{F341B2C5-297B-47DC-A963-333E50C03437}"
EndProject
Project("{FAE04EC0-301F-11D3-BF4B-00C04F79EFBC}") = "ProSwap.Services", "ProSwap.Services\ProSwap.Services.csproj", "{FA89D69E-276D-4234-A8F8-B7D8D3D0B5CA}"
EndProject
Project("{FAE04EC0-301F-11D3-BF4B-00C04F79EFBC}") = "ProSwap.API", "ProSwap.API\ProSwap.API.csproj", "{A61FF75E-01BB-447A-B47E-AD9AAD1845FA}"
EndProject
Project("{FAE04EC0-301F-11D3-BF4B-00C04F79EFBC}") = "ProSwap.Models", "ProSwap.Models\ProSwap.Models.csproj", "{B23782B5-9C05-4D7B-9A6C-BD32C802A6CD}"
EndProject
Project("{FAE04EC0-301F-11D3-BF4B-00C04F79EFBC}") = "ProSwap.MVC", "ProSwap.MVC\ProSwap.MVC.csproj", "{ABBE29FB-EE0C-4F85-98A2-130A850F380F}"
EndProject
Global
	GlobalSection(SolutionConfigurationPlatforms) = preSolution
		Debug|Any CPU = Debug|Any CPU
		Release|Any CPU = Release|Any CPU
	EndGlobalSection
	GlobalSection(ProjectConfigurationPlatforms) = postSolution
		{F341B2C5-297B-47DC-A963-333E50C03437}.Debug|Any CPU.ActiveCfg = Debug|Any CPU
		{F341B2C5-297B-47DC-A963-333E50C03437}.Debug|Any CPU.Build.0 = Debug|Any CPU
		{F341B2C5-297B-47DC-A963-333E50C03437}.Release|Any CPU.ActiveCfg = Release|Any CPU
		{F341B2C5-297B-47DC-A963-333E50C03437}.Release|Any CPU.Build.0 = Release|Any CPU
		{FA89D69E-276D-4234-A8F8-B7D8D3D0B5CA}.Debug|Any CPU.ActiveCfg = Debug|Any CPU
		{FA89D69E-276D-4234-A8F8-B7D8D3D0B5CA}.Debug|Any CPU.Build.0 = Debug|Any CPU
		{FA89D69E-276D-4234-A8F8-B7D8D3D0B5CA}.Release|Any CPU.ActiveCfg = Release|Any CPU
		{FA89D69E-276D-4234-A8F8-B7D8D3D0B5CA}.Release|Any CPU.Build.0 = Release|Any CPU
		{A61FF75E-01BB-447A-B47E-AD9AAD1845FA}.Debug|Any CPU.ActiveCfg = Debug|Any CPU
		{A61FF75E-01BB-447A-B47E-AD9AAD1845FA}.Debug|Any CPU.Build.0 = Debug|Any CPU
		{A61FF75E-01BB-447A-B47E-AD9AAD1845FA}.Release|Any CPU.ActiveCfg = Release|Any CPU
		{A61FF75E-01BB-447A-B47E-AD9AAD1845FA}.Release|Any CPU.Build.0 = Release|Any CPU
		{B23782B5-9C05-4D7B-9A6C-BD32C802A6CD}.Debug|Any CPU.ActiveCfg = Debug|Any CPU
		{B23782B5-9C05-4D7B-9A6C-BD32C802A6CD}.Debug|Any CPU.Build.0 = Debug|Any CPU
		{B23782B5-9C05-4D7B-9A6C-BD32C802A6CD}.Release|Any CPU.ActiveCfg = Release|Any CPU
		{B23782B5-9C05-4D7B-9A6C-BD32C802A6CD}.Release|Any CPU.Build.0 = Release|Any CPU
		{ABBE29FB-EE0C-4F85-98A2-130A850F380F}.Debug|Any CPU.ActiveCfg = Debug|Any CPU
		{ABBE29FB-EE0C-4F85-98A2-130A850F380F}.Debug|Any CPU.Build.0 = Debug|Any CPU
		{ABBE29FB-EE0C-4F85-98A2-130A850F380F}.Release|Any CPU.ActiveCfg = Release|Any CPU
		{ABBE29FB-EE0C-4F85-98A2-130A850F380F}.Release|Any CPU.Build.0 = Release|Any CPU
	EndGlobalSection
	GlobalSection(SolutionProperties) = preSolution
		HideSolutionNode = FALSE
	EndGlobalSection
	GlobalSection(ExtensibilityGlobals) = postSolution
		SolutionGuid = {872A8827-5FE4-4A87-A09E-18F9A6C509D7}
	EndGlobalSection
EndGlobal
